// !$*UTF8*$!
{
	archiveVersion = 1;
	classes = {
	};
	objectVersion = 55;
	objects = {

/* Begin PBXBuildFile section */
		47C518E82842077F00750BF3 /* UI_571App.swift in Sources */ = {isa = PBXBuildFile; fileRef = 47C518E72842077F00750BF3 /* UI_571App.swift */; };
		47C518EA2842077F00750BF3 /* ContentView.swift in Sources */ = {isa = PBXBuildFile; fileRef = 47C518E92842077F00750BF3 /* ContentView.swift */; };
		47C518EC2842078000750BF3 /* Assets.xcassets in Resources */ = {isa = PBXBuildFile; fileRef = 47C518EB2842078000750BF3 /* Assets.xcassets */; };
		47C518EF2842078000750BF3 /* Preview Assets.xcassets in Resources */ = {isa = PBXBuildFile; fileRef = 47C518EE2842078000750BF3 /* Preview Assets.xcassets */; };
		47C518F92842078000750BF3 /* UI_571Tests.swift in Sources */ = {isa = PBXBuildFile; fileRef = 47C518F82842078000750BF3 /* UI_571Tests.swift */; };
		47C519032842078000750BF3 /* UI_571UITests.swift in Sources */ = {isa = PBXBuildFile; fileRef = 47C519022842078000750BF3 /* UI_571UITests.swift */; };
		47C519052842078000750BF3 /* UI_571UITestsLaunchTests.swift in Sources */ = {isa = PBXBuildFile; fileRef = 47C519042842078000750BF3 /* UI_571UITestsLaunchTests.swift */; };
/* End PBXBuildFile section */

/* Begin PBXContainerItemProxy section */
		47C518F52842078000750BF3 /* PBXContainerItemProxy */ = {
			isa = PBXContainerItemProxy;
			containerPortal = 47C518DC2842077F00750BF3 /* Project object */;
			proxyType = 1;
			remoteGlobalIDString = 47C518E32842077F00750BF3;
			remoteInfo = "UI-571";
		};
		47C518FF2842078000750BF3 /* PBXContainerItemProxy */ = {
			isa = PBXContainerItemProxy;
			containerPortal = 47C518DC2842077F00750BF3 /* Project object */;
			proxyType = 1;
			remoteGlobalIDString = 47C518E32842077F00750BF3;
			remoteInfo = "UI-571";
		};
/* End PBXContainerItemProxy section */

/* Begin PBXFileReference section */
		47C518E42842077F00750BF3 /* UI-571.app */ = {isa = PBXFileReference; explicitFileType = wrapper.application; includeInIndex = 0; path = "UI-571.app"; sourceTree = BUILT_PRODUCTS_DIR; };
		47C518E72842077F00750BF3 /* UI_571App.swift */ = {isa = PBXFileReference; lastKnownFileType = sourcecode.swift; path = UI_571App.swift; sourceTree = "<group>"; };
		47C518E92842077F00750BF3 /* ContentView.swift */ = {isa = PBXFileReference; lastKnownFileType = sourcecode.swift; path = ContentView.swift; sourceTree = "<group>"; };
		47C518EB2842078000750BF3 /* Assets.xcassets */ = {isa = PBXFileReference; lastKnownFileType = folder.assetcatalog; path = Assets.xcassets; sourceTree = "<group>"; };
		47C518EE2842078000750BF3 /* Preview Assets.xcassets */ = {isa = PBXFileReference; lastKnownFileType = folder.assetcatalog; path = "Preview Assets.xcassets"; sourceTree = "<group>"; };
		47C518F42842078000750BF3 /* UI-571Tests.xctest */ = {isa = PBXFileReference; explicitFileType = wrapper.cfbundle; includeInIndex = 0; path = "UI-571Tests.xctest"; sourceTree = BUILT_PRODUCTS_DIR; };
		47C518F82842078000750BF3 /* UI_571Tests.swift */ = {isa = PBXFileReference; lastKnownFileType = sourcecode.swift; path = UI_571Tests.swift; sourceTree = "<group>"; };
		47C518FE2842078000750BF3 /* UI-571UITests.xctest */ = {isa = PBXFileReference; explicitFileType = wrapper.cfbundle; includeInIndex = 0; path = "UI-571UITests.xctest"; sourceTree = BUILT_PRODUCTS_DIR; };
		47C519022842078000750BF3 /* UI_571UITests.swift */ = {isa = PBXFileReference; lastKnownFileType = sourcecode.swift; path = UI_571UITests.swift; sourceTree = "<group>"; };
		47C519042842078000750BF3 /* UI_571UITestsLaunchTests.swift */ = {isa = PBXFileReference; lastKnownFileType = sourcecode.swift; path = UI_571UITestsLaunchTests.swift; sourceTree = "<group>"; };
/* End PBXFileReference section */

/* Begin PBXFrameworksBuildPhase section */
		47C518E12842077F00750BF3 /* Frameworks */ = {
			isa = PBXFrameworksBuildPhase;
			buildActionMask = 2147483647;
			files = (
			);
			runOnlyForDeploymentPostprocessing = 0;
		};
		47C518F12842078000750BF3 /* Frameworks */ = {
			isa = PBXFrameworksBuildPhase;
			buildActionMask = 2147483647;
			files = (
			);
			runOnlyForDeploymentPostprocessing = 0;
		};
		47C518FB2842078000750BF3 /* Frameworks */ = {
			isa = PBXFrameworksBuildPhase;
			buildActionMask = 2147483647;
			files = (
			);
			runOnlyForDeploymentPostprocessing = 0;
		};
/* End PBXFrameworksBuildPhase section */

/* Begin PBXGroup section */
		47C518DB2842077F00750BF3 = {
			isa = PBXGroup;
			children = (
				47C518E62842077F00750BF3 /* UI-571 */,
				47C518F72842078000750BF3 /* UI-571Tests */,
				47C519012842078000750BF3 /* UI-571UITests */,
				47C518E52842077F00750BF3 /* Products */,
			);
			sourceTree = "<group>";
		};
		47C518E52842077F00750BF3 /* Products */ = {
			isa = PBXGroup;
			children = (
				47C518E42842077F00750BF3 /* UI-571.app */,
				47C518F42842078000750BF3 /* UI-571Tests.xctest */,
				47C518FE2842078000750BF3 /* UI-571UITests.xctest */,
			);
			name = Products;
			sourceTree = "<group>";
		};
		47C518E62842077F00750BF3 /* UI-571 */ = {
			isa = PBXGroup;
			children = (
				47C518E72842077F00750BF3 /* UI_571App.swift */,
				47C518E92842077F00750BF3 /* ContentView.swift */,
				47C518EB2842078000750BF3 /* Assets.xcassets */,
				47C518ED2842078000750BF3 /* Preview Content */,
			);
			path = "UI-571";
			sourceTree = "<group>";
		};
		47C518ED2842078000750BF3 /* Preview Content */ = {
			isa = PBXGroup;
			children = (
				47C518EE2842078000750BF3 /* Preview Assets.xcassets */,
			);
			path = "Preview Content";
			sourceTree = "<group>";
		};
		47C518F72842078000750BF3 /* UI-571Tests */ = {
			isa = PBXGroup;
			children = (
				47C518F82842078000750BF3 /* UI_571Tests.swift */,
			);
			path = "UI-571Tests";
			sourceTree = "<group>";
		};
		47C519012842078000750BF3 /* UI-571UITests */ = {
			isa = PBXGroup;
			children = (
				47C519022842078000750BF3 /* UI_571UITests.swift */,
				47C519042842078000750BF3 /* UI_571UITestsLaunchTests.swift */,
			);
			path = "UI-571UITests";
			sourceTree = "<group>";
		};
/* End PBXGroup section */

/* Begin PBXNativeTarget section */
		47C518E32842077F00750BF3 /* UI-571 */ = {
			isa = PBXNativeTarget;
			buildConfigurationList = 47C519082842078000750BF3 /* Build configuration list for PBXNativeTarget "UI-571" */;
			buildPhases = (
				47C518E02842077F00750BF3 /* Sources */,
				47C518E12842077F00750BF3 /* Frameworks */,
				47C518E22842077F00750BF3 /* Resources */,
			);
			buildRules = (
			);
			dependencies = (
			);
			name = "UI-571";
			productName = "UI-571";
			productReference = 47C518E42842077F00750BF3 /* UI-571.app */;
			productType = "com.apple.product-type.application";
		};
		47C518F32842078000750BF3 /* UI-571Tests */ = {
			isa = PBXNativeTarget;
			buildConfigurationList = 47C5190B2842078000750BF3 /* Build configuration list for PBXNativeTarget "UI-571Tests" */;
			buildPhases = (
				47C518F02842078000750BF3 /* Sources */,
				47C518F12842078000750BF3 /* Frameworks */,
				47C518F22842078000750BF3 /* Resources */,
			);
			buildRules = (
			);
			dependencies = (
				47C518F62842078000750BF3 /* PBXTargetDependency */,
			);
			name = "UI-571Tests";
			productName = "UI-571Tests";
			productReference = 47C518F42842078000750BF3 /* UI-571Tests.xctest */;
			productType = "com.apple.product-type.bundle.unit-test";
		};
		47C518FD2842078000750BF3 /* UI-571UITests */ = {
			isa = PBXNativeTarget;
			buildConfigurationList = 47C5190E2842078000750BF3 /* Build configuration list for PBXNativeTarget "UI-571UITests" */;
			buildPhases = (
				47C518FA2842078000750BF3 /* Sources */,
				47C518FB2842078000750BF3 /* Frameworks */,
				47C518FC2842078000750BF3 /* Resources */,
			);
			buildRules = (
			);
			dependencies = (
				47C519002842078000750BF3 /* PBXTargetDependency */,
			);
			name = "UI-571UITests";
			productName = "UI-571UITests";
			productReference = 47C518FE2842078000750BF3 /* UI-571UITests.xctest */;
			productType = "com.apple.product-type.bundle.ui-testing";
		};
/* End PBXNativeTarget section */

/* Begin PBXProject section */
		47C518DC2842077F00750BF3 /* Project object */ = {
			isa = PBXProject;
			attributes = {
				BuildIndependentTargetsInParallel = 1;
				LastSwiftUpdateCheck = 1330;
				LastUpgradeCheck = 1330;
				TargetAttributes = {
					47C518E32842077F00750BF3 = {
						CreatedOnToolsVersion = 13.3;
					};
					47C518F32842078000750BF3 = {
						CreatedOnToolsVersion = 13.3;
						TestTargetID = 47C518E32842077F00750BF3;
					};
					47C518FD2842078000750BF3 = {
						CreatedOnToolsVersion = 13.3;
						TestTargetID = 47C518E32842077F00750BF3;
					};
				};
			};
			buildConfigurationList = 47C518DF2842077F00750BF3 /* Build configuration list for PBXProject "UI-571" */;
			compatibilityVersion = "Xcode 13.0";
			developmentRegion = en;
			hasScannedForEncodings = 0;
			knownRegions = (
				en,
				Base,
			);
			mainGroup = 47C518DB2842077F00750BF3;
			productRefGroup = 47C518E52842077F00750BF3 /* Products */;
			projectDirPath = "";
			projectRoot = "";
			targets = (
				47C518E32842077F00750BF3 /* UI-571 */,
				47C518F32842078000750BF3 /* UI-571Tests */,
				47C518FD2842078000750BF3 /* UI-571UITests */,
			);
		};
/* End PBXProject section */

/* Begin PBXResourcesBuildPhase section */
		47C518E22842077F00750BF3 /* Resources */ = {
			isa = PBXResourcesBuildPhase;
			buildActionMask = 2147483647;
			files = (
				47C518EF2842078000750BF3 /* Preview Assets.xcassets in Resources */,
				47C518EC2842078000750BF3 /* Assets.xcassets in Resources */,
			);
			runOnlyForDeploymentPostprocessing = 0;
		};
		47C518F22842078000750BF3 /* Resources */ = {
			isa = PBXResourcesBuildPhase;
			buildActionMask = 2147483647;
			files = (
			);
			runOnlyForDeploymentPostprocessing = 0;
		};
		47C518FC2842078000750BF3 /* Resources */ = {
			isa = PBXResourcesBuildPhase;
			buildActionMask = 2147483647;
			files = (
			);
			runOnlyForDeploymentPostprocessing = 0;
		};
/* End PBXResourcesBuildPhase section */

/* Begin PBXSourcesBuildPhase section */
		47C518E02842077F00750BF3 /* Sources */ = {
			isa = PBXSourcesBuildPhase;
			buildActionMask = 2147483647;
			files = (
				47C518EA2842077F00750BF3 /* ContentView.swift in Sources */,
				47C518E82842077F00750BF3 /* UI_571App.swift in Sources */,
			);
			runOnlyForDeploymentPostprocessing = 0;
		};
		47C518F02842078000750BF3 /* Sources */ = {
			isa = PBXSourcesBuildPhase;
			buildActionMask = 2147483647;
			files = (
				47C518F92842078000750BF3 /* UI_571Tests.swift in Sources */,
			);
			runOnlyForDeploymentPostprocessing = 0;
		};
		47C518FA2842078000750BF3 /* Sources */ = {
			isa = PBXSourcesBuildPhase;
			buildActionMask = 2147483647;
			files = (
				47C519052842078000750BF3 /* UI_571UITestsLaunchTests.swift in Sources */,
				47C519032842078000750BF3 /* UI_571UITests.swift in Sources */,
			);
			runOnlyForDeploymentPostprocessing = 0;
		};
/* End PBXSourcesBuildPhase section */

/* Begin PBXTargetDependency section */
		47C518F62842078000750BF3 /* PBXTargetDependency */ = {
			isa = PBXTargetDependency;
			target = 47C518E32842077F00750BF3 /* UI-571 */;
			targetProxy = 47C518F52842078000750BF3 /* PBXContainerItemProxy */;
		};
		47C519002842078000750BF3 /* PBXTargetDependency */ = {
			isa = PBXTargetDependency;
			target = 47C518E32842077F00750BF3 /* UI-571 */;
			targetProxy = 47C518FF2842078000750BF3 /* PBXContainerItemProxy */;
		};
/* End PBXTargetDependency section */

/* Begin XCBuildConfiguration section */
		47C519062842078000750BF3 /* Debug */ = {
			isa = XCBuildConfiguration;
			buildSettings = {
				ALWAYS_SEARCH_USER_PATHS = NO;
				CLANG_ANALYZER_NONNULL = YES;
				CLANG_ANALYZER_NUMBER_OBJECT_CONVERSION = YES_AGGRESSIVE;
				CLANG_CXX_LANGUAGE_STANDARD = "gnu++17";
				CLANG_ENABLE_MODULES = YES;
				CLANG_ENABLE_OBJC_ARC = YES;
				CLANG_ENABLE_OBJC_WEAK = YES;
				CLANG_WARN_BLOCK_CAPTURE_AUTORELEASING = YES;
				CLANG_WARN_BOOL_CONVERSION = YES;
				CLANG_WARN_COMMA = YES;
				CLANG_WARN_CONSTANT_CONVERSION = YES;
				CLANG_WARN_DEPRECATED_OBJC_IMPLEMENTATIONS = YES;
				CLANG_WARN_DIRECT_OBJC_ISA_USAGE = YES_ERROR;
				CLANG_WARN_DOCUMENTATION_COMMENTS = YES;
				CLANG_WARN_EMPTY_BODY = YES;
				CLANG_WARN_ENUM_CONVERSION = YES;
				CLANG_WARN_INFINITE_RECURSION = YES;
				CLANG_WARN_INT_CONVERSION = YES;
				CLANG_WARN_NON_LITERAL_NULL_CONVERSION = YES;
				CLANG_WARN_OBJC_IMPLICIT_RETAIN_SELF = YES;
				CLANG_WARN_OBJC_LITERAL_CONVERSION = YES;
				CLANG_WARN_OBJC_ROOT_CLASS = YES_ERROR;
				CLANG_WARN_QUOTED_INCLUDE_IN_FRAMEWORK_HEADER = YES;
				CLANG_WARN_RANGE_LOOP_ANALYSIS = YES;
				CLANG_WARN_STRICT_PROTOTYPES = YES;
				CLANG_WARN_SUSPICIOUS_MOVE = YES;
				CLANG_WARN_UNGUARDED_AVAILABILITY = YES_AGGRESSIVE;
				CLANG_WARN_UNREACHABLE_CODE = YES;
				CLANG_WARN__DUPLICATE_METHOD_MATCH = YES;
				COPY_PHASE_STRIP = NO;
				DEBUG_INFORMATION_FORMAT = dwarf;
				ENABLE_STRICT_OBJC_MSGSEND = YES;
				ENABLE_TESTABILITY = YES;
				GCC_C_LANGUAGE_STANDARD = gnu11;
				GCC_DYNAMIC_NO_PIC = NO;
				GCC_NO_COMMON_BLOCKS = YES;
				GCC_OPTIMIZATION_LEVEL = 0;
				GCC_PREPROCESSOR_DEFINITIONS = (
					"DEBUG=1",
					"$(inherited)",
				);
				GCC_WARN_64_TO_32_BIT_CONVERSION = YES;
				GCC_WARN_ABOUT_RETURN_TYPE = YES_ERROR;
				GCC_WARN_UNDECLARED_SELECTOR = YES;
				GCC_WARN_UNINITIALIZED_AUTOS = YES_AGGRESSIVE;
				GCC_WARN_UNUSED_FUNCTION = YES;
				GCC_WARN_UNUSED_VARIABLE = YES;
				IPHONEOS_DEPLOYMENT_TARGET = 15.4;
				MTL_ENABLE_DEBUG_INFO = INCLUDE_SOURCE;
				MTL_FAST_MATH = YES;
				ONLY_ACTIVE_ARCH = YES;
				SDKROOT = iphoneos;
				SWIFT_ACTIVE_COMPILATION_CONDITIONS = DEBUG;
				SWIFT_OPTIMIZATION_LEVEL = "-Onone";
			};
			name = Debug;
		};
		47C519072842078000750BF3 /* Release */ = {
			isa = XCBuildConfiguration;
			buildSettings = {
				ALWAYS_SEARCH_USER_PATHS = NO;
				CLANG_ANALYZER_NONNULL = YES;
				CLANG_ANALYZER_NUMBER_OBJECT_CONVERSION = YES_AGGRESSIVE;
				CLANG_CXX_LANGUAGE_STANDARD = "gnu++17";
				CLANG_ENABLE_MODULES = YES;
				CLANG_ENABLE_OBJC_ARC = YES;
				CLANG_ENABLE_OBJC_WEAK = YES;
				CLANG_WARN_BLOCK_CAPTURE_AUTORELEASING = YES;
				CLANG_WARN_BOOL_CONVERSION = YES;
				CLANG_WARN_COMMA = YES;
				CLANG_WARN_CONSTANT_CONVERSION = YES;
				CLANG_WARN_DEPRECATED_OBJC_IMPLEMENTATIONS = YES;
				CLANG_WARN_DIRECT_OBJC_ISA_USAGE = YES_ERROR;
				CLANG_WARN_DOCUMENTATION_COMMENTS = YES;
				CLANG_WARN_EMPTY_BODY = YES;
				CLANG_WARN_ENUM_CONVERSION = YES;
				CLANG_WARN_INFINITE_RECURSION = YES;
				CLANG_WARN_INT_CONVERSION = YES;
				CLANG_WARN_NON_LITERAL_NULL_CONVERSION = YES;
				CLANG_WARN_OBJC_IMPLICIT_RETAIN_SELF = YES;
				CLANG_WARN_OBJC_LITERAL_CONVERSION = YES;
				CLANG_WARN_OBJC_ROOT_CLASS = YES_ERROR;
				CLANG_WARN_QUOTED_INCLUDE_IN_FRAMEWORK_HEADER = YES;
				CLANG_WARN_RANGE_LOOP_ANALYSIS = YES;
				CLANG_WARN_STRICT_PROTOTYPES = YES;
				CLANG_WARN_SUSPICIOUS_MOVE = YES;
				CLANG_WARN_UNGUARDED_AVAILABILITY = YES_AGGRESSIVE;
				CLANG_WARN_UNREACHABLE_CODE = YES;
				CLANG_WARN__DUPLICATE_METHOD_MATCH = YES;
				COPY_PHASE_STRIP = NO;
				DEBUG_INFORMATION_FORMAT = "dwarf-with-dsym";
				ENABLE_NS_ASSERTIONS = NO;
				ENABLE_STRICT_OBJC_MSGSEND = YES;
				GCC_C_LANGUAGE_STANDARD = gnu11;
				GCC_NO_COMMON_BLOCKS = YES;
				GCC_WARN_64_TO_32_BIT_CONVERSION = YES;
				GCC_WARN_ABOUT_RETURN_TYPE = YES_ERROR;
				GCC_WARN_UNDECLARED_SELECTOR = YES;
				GCC_WARN_UNINITIALIZED_AUTOS = YES_AGGRESSIVE;
				GCC_WARN_UNUSED_FUNCTION = YES;
				GCC_WARN_UNUSED_VARIABLE = YES;
				IPHONEOS_DEPLOYMENT_TARGET = 15.4;
				MTL_ENABLE_DEBUG_INFO = NO;
				MTL_FAST_MATH = YES;
				SDKROOT = iphoneos;
				SWIFT_COMPILATION_MODE = wholemodule;
				SWIFT_OPTIMIZATION_LEVEL = "-O";
				VALIDATE_PRODUCT = YES;
			};
			name = Release;
		};
		47C519092842078000750BF3 /* Debug */ = {
			isa = XCBuildConfiguration;
			buildSettings = {
				ASSETCATALOG_COMPILER_APPICON_NAME = AppIcon;
				ASSETCATALOG_COMPILER_GLOBAL_ACCENT_COLOR_NAME = AccentColor;
				CODE_SIGN_STYLE = Automatic;
				CURRENT_PROJECT_VERSION = 1;
				DEVELOPMENT_ASSET_PATHS = "\"UI-571/Preview Content\"";
				DEVELOPMENT_TEAM = 8CL4U468K5;
				ENABLE_PREVIEWS = YES;
				GENERATE_INFOPLIST_FILE = YES;
				INFOPLIST_KEY_UIApplicationSceneManifest_Generation = YES;
				INFOPLIST_KEY_UIApplicationSupportsIndirectInputEvents = YES;
				INFOPLIST_KEY_UILaunchScreen_Generation = YES;
				INFOPLIST_KEY_UISupportedInterfaceOrientations_iPad = "UIInterfaceOrientationPortrait UIInterfaceOrientationPortraitUpsideDown UIInterfaceOrientationLandscapeLeft UIInterfaceOrientationLandscapeRight";
				INFOPLIST_KEY_UISupportedInterfaceOrientations_iPhone = "UIInterfaceOrientationPortrait UIInterfaceOrientationLandscapeLeft UIInterfaceOrientationLandscapeRight";
				LD_RUNPATH_SEARCH_PATHS = (
					"$(inherited)",
					"@executable_path/Frameworks",
				);
				MARKETING_VERSION = 1.0;
				PRODUCT_BUNDLE_IDENTIFIER = "com.585.UI-571";
				PRODUCT_NAME = "$(TARGET_NAME)";
				SWIFT_EMIT_LOC_STRINGS = YES;
				SWIFT_VERSION = 5.0;
				TARGETED_DEVICE_FAMILY = "1,2";
			};
			name = Debug;
		};
		47C5190A2842078000750BF3 /* Release */ = {
			isa = XCBuildConfiguration;
			buildSettings = {
				ASSETCATALOG_COMPILER_APPICON_NAME = AppIcon;
				ASSETCATALOG_COMPILER_GLOBAL_ACCENT_COLOR_NAME = AccentColor;
				CODE_SIGN_STYLE = Automatic;
				CURRENT_PROJECT_VERSION = 1;
				DEVELOPMENT_ASSET_PATHS = "\"UI-571/Preview Content\"";
				DEVELOPMENT_TEAM = 8CL4U468K5;
				ENABLE_PREVIEWS = YES;
				GENERATE_INFOPLIST_FILE = YES;
				INFOPLIST_KEY_UIApplicationSceneManifest_Generation = YES;
				INFOPLIST_KEY_UIApplicationSupportsIndirectInputEvents = YES;
				INFOPLIST_KEY_UILaunchScreen_Generation = YES;
				INFOPLIST_KEY_UISupportedInterfaceOrientations_iPad = "UIInterfaceOrientationPortrait UIInterfaceOrientationPortraitUpsideDown UIInterfaceOrientationLandscapeLeft UIInterfaceOrientationLandscapeRight";
				INFOPLIST_KEY_UISupportedInterfaceOrientations_iPhone = "UIInterfaceOrientationPortrait UIInterfaceOrientationLandscapeLeft UIInterfaceOrientationLandscapeRight";
				LD_RUNPATH_SEARCH_PATHS = (
					"$(inherited)",
					"@executable_path/Frameworks",
				);
				MARKETING_VERSION = 1.0;
				PRODUCT_BUNDLE_IDENTIFIER = "com.585.UI-571";
				PRODUCT_NAME = "$(TARGET_NAME)";
				SWIFT_EMIT_LOC_STRINGS = YES;
				SWIFT_VERSION = 5.0;
				TARGETED_DEVICE_FAMILY = "1,2";
			};
			name = Release;
		};
		47C5190C2842078000750BF3 /* Debug */ = {
			isa = XCBuildConfiguration;
			buildSettings = {
				ALWAYS_EMBED_SWIFT_STANDARD_LIBRARIES = YES;
				BUNDLE_LOADER = "$(TEST_HOST)";
				CODE_SIGN_STYLE = Automatic;
				CURRENT_PROJECT_VERSION = 1;
				DEVELOPMENT_TEAM = 8CL4U468K5;
				GENERATE_INFOPLIST_FILE = YES;
				IPHONEOS_DEPLOYMENT_TARGET = 15.4;
				MARKETING_VERSION = 1.0;
				PRODUCT_BUNDLE_IDENTIFIER = "com.585.UI-571Tests";
				PRODUCT_NAME = "$(TARGET_NAME)";
				SWIFT_EMIT_LOC_STRINGS = NO;
				SWIFT_VERSION = 5.0;
				TARGETED_DEVICE_FAMILY = "1,2";
				TEST_HOST = "$(BUILT_PRODUCTS_DIR)/UI-571.app/UI-571";
			};
			name = Debug;
		};
		47C5190D2842078000750BF3 /* Release */ = {
			isa = XCBuildConfiguration;
			buildSettings = {
				ALWAYS_EMBED_SWIFT_STANDARD_LIBRARIES = YES;
				BUNDLE_LOADER = "$(TEST_HOST)";
				CODE_SIGN_STYLE = Automatic;
				CURRENT_PROJECT_VERSION = 1;
				DEVELOPMENT_TEAM = 8CL4U468K5;
				GENERATE_INFOPLIST_FILE = YES;
				IPHONEOS_DEPLOYMENT_TARGET = 15.4;
				MARKETING_VERSION = 1.0;
				PRODUCT_BUNDLE_IDENTIFIER = "com.585.UI-571Tests";
				PRODUCT_NAME = "$(TARGET_NAME)";
				SWIFT_EMIT_LOC_STRINGS = NO;
				SWIFT_VERSION = 5.0;
				TARGETED_DEVICE_FAMILY = "1,2";
				TEST_HOST = "$(BUILT_PRODUCTS_DIR)/UI-571.app/UI-571";
			};
			name = Release;
		};
		47C5190F2842078000750BF3 /* Debug */ = {
			isa = XCBuildConfiguration;
			buildSettings = {
				ALWAYS_EMBED_SWIFT_STANDARD_LIBRARIES = YES;
				CODE_SIGN_STYLE = Automatic;
				CURRENT_PROJECT_VERSION = 1;
				DEVELOPMENT_TEAM = 8CL4U468K5;
				GENERATE_INFOPLIST_FILE = YES;
				MARKETING_VERSION = 1.0;
				PRODUCT_BUNDLE_IDENTIFIER = "com.585.UI-571UITests";
				PRODUCT_NAME = "$(TARGET_NAME)";
				SWIFT_EMIT_LOC_STRINGS = NO;
				SWIFT_VERSION = 5.0;
				TARGETED_DEVICE_FAMILY = "1,2";
				TEST_TARGET_NAME = "UI-571";
			};
			name = Debug;
		};
		47C519102842078000750BF3 /* Release */ = {
			isa = XCBuildConfiguration;
			buildSettings = {
				ALWAYS_EMBED_SWIFT_STANDARD_LIBRARIES = YES;
				CODE_SIGN_STYLE = Automatic;
				CURRENT_PROJECT_VERSION = 1;
				DEVELOPMENT_TEAM = 8CL4U468K5;
				GENERATE_INFOPLIST_FILE = YES;
				MARKETING_VERSION = 1.0;
				PRODUCT_BUNDLE_IDENTIFIER = "com.585.UI-571UITests";
				PRODUCT_NAME = "$(TARGET_NAME)";
				SWIFT_EMIT_LOC_STRINGS = NO;
				SWIFT_VERSION = 5.0;
				TARGETED_DEVICE_FAMILY = "1,2";
				TEST_TARGET_NAME = "UI-571";
			};
			name = Release;
		};
/* End XCBuildConfiguration section */

/* Begin XCConfigurationList section */
		47C518DF2842077F00750BF3 /* Build configuration list for PBXProject "UI-571" */ = {
			isa = XCConfigurationList;
			buildConfigurations = (
				47C519062842078000750BF3 /* Debug */,
				47C519072842078000750BF3 /* Release */,
			);
			defaultConfigurationIsVisible = 0;
			defaultConfigurationName = Release;
		};
		47C519082842078000750BF3 /* Build configuration list for PBXNativeTarget "UI-571" */ = {
			isa = XCConfigurationList;
			buildConfigurations = (
				47C519092842078000750BF3 /* Debug */,
				47C5190A2842078000750BF3 /* Release */,
			);
			defaultConfigurationIsVisible = 0;
			defaultConfigurationName = Release;
		};
		47C5190B2842078000750BF3 /* Build configuration list for PBXNativeTarget "UI-571Tests" */ = {
			isa = XCConfigurationList;
			buildConfigurations = (
				47C5190C2842078000750BF3 /* Debug */,
				47C5190D2842078000750BF3 /* Release */,
			);
			defaultConfigurationIsVisible = 0;
			defaultConfigurationName = Release;
		};
		47C5190E2842078000750BF3 /* Build configuration list for PBXNativeTarget "UI-571UITests" */ = {
			isa = XCConfigurationList;
			buildConfigurations = (
				47C5190F2842078000750BF3 /* Debug */,
				47C519102842078000750BF3 /* Release */,
			);
			defaultConfigurationIsVisible = 0;
			defaultConfigurationName = Release;
		};
/* End XCConfigurationList section */
	};
	rootObject = 47C518DC2842077F00750BF3 /* Project object */;
}
